// !$*UTF8*$!
{
	archiveVersion = 1;
	classes = {
	};
	objectVersion = 55;
	objects = {

/* Begin PBXBuildFile section */
		D3636A9D293AE65C003F6422 /* NewExpense.swift in Sources */ = {isa = PBXBuildFile; fileRef = D3636A9C293AE65C003F6422 /* NewExpense.swift */; };
		D3636A9F293AE6A3003F6422 /* Expense.swift in Sources */ = {isa = PBXBuildFile; fileRef = D3636A9E293AE6A3003F6422 /* Expense.swift */; };
		D3636AA3293AEAD0003F6422 /* TransactionCardView.swift in Sources */ = {isa = PBXBuildFile; fileRef = D3636AA2293AEAD0003F6422 /* TransactionCardView.swift */; };
		D3B3B269293D45EC00D5168E /* NavBar.swift in Sources */ = {isa = PBXBuildFile; fileRef = D3B3B268293D45EC00D5168E /* NavBar.swift */; };
		D3BA5AC3293A99E000E8A955 /* CashTrackApp.swift in Sources */ = {isa = PBXBuildFile; fileRef = D3BA5AC2293A99E000E8A955 /* CashTrackApp.swift */; };
		D3BA5AC5293A99E000E8A955 /* MainPageView.swift in Sources */ = {isa = PBXBuildFile; fileRef = D3BA5AC4293A99E000E8A955 /* MainPageView.swift */; };
		D3BA5AC7293A99E300E8A955 /* Assets.xcassets in Resources */ = {isa = PBXBuildFile; fileRef = D3BA5AC6293A99E300E8A955 /* Assets.xcassets */; };
		D3BA5ACA293A99E300E8A955 /* Preview Assets.xcassets in Resources */ = {isa = PBXBuildFile; fileRef = D3BA5AC9293A99E300E8A955 /* Preview Assets.xcassets */; };
		D3BA5AD4293A99E400E8A955 /* CashTrackTests.swift in Sources */ = {isa = PBXBuildFile; fileRef = D3BA5AD3293A99E400E8A955 /* CashTrackTests.swift */; };
		D3BA5ADE293A99E400E8A955 /* CashTrackUITests.swift in Sources */ = {isa = PBXBuildFile; fileRef = D3BA5ADD293A99E400E8A955 /* CashTrackUITests.swift */; };
		D3BA5AE0293A99E400E8A955 /* CashTrackUITestsLaunchTests.swift in Sources */ = {isa = PBXBuildFile; fileRef = D3BA5ADF293A99E400E8A955 /* CashTrackUITestsLaunchTests.swift */; };
		D3BA5AEF293AA18C00E8A955 /* ExpenseViewModel.swift in Sources */ = {isa = PBXBuildFile; fileRef = D3BA5AEE293AA18C00E8A955 /* ExpenseViewModel.swift */; };
/* End PBXBuildFile section */

/* Begin PBXContainerItemProxy section */
		D3BA5AD0293A99E400E8A955 /* PBXContainerItemProxy */ = {
			isa = PBXContainerItemProxy;
			containerPortal = D3BA5AB7293A99E000E8A955 /* Project object */;
			proxyType = 1;
			remoteGlobalIDString = D3BA5ABE293A99E000E8A955;
			remoteInfo = CashTrack;
		};
		D3BA5ADA293A99E400E8A955 /* PBXContainerItemProxy */ = {
			isa = PBXContainerItemProxy;
			containerPortal = D3BA5AB7293A99E000E8A955 /* Project object */;
			proxyType = 1;
			remoteGlobalIDString = D3BA5ABE293A99E000E8A955;
			remoteInfo = CashTrack;
		};
/* End PBXContainerItemProxy section */

/* Begin PBXFileReference section */
		D3636A9C293AE65C003F6422 /* NewExpense.swift */ = {isa = PBXFileReference; lastKnownFileType = sourcecode.swift; path = NewExpense.swift; sourceTree = "<group>"; };
		D3636A9E293AE6A3003F6422 /* Expense.swift */ = {isa = PBXFileReference; lastKnownFileType = sourcecode.swift; path = Expense.swift; sourceTree = "<group>"; };
		D3636AA2293AEAD0003F6422 /* TransactionCardView.swift */ = {isa = PBXFileReference; lastKnownFileType = sourcecode.swift; path = TransactionCardView.swift; sourceTree = "<group>"; };
		D3B3B268293D45EC00D5168E /* NavBar.swift */ = {isa = PBXFileReference; lastKnownFileType = sourcecode.swift; path = NavBar.swift; sourceTree = "<group>"; };
		D3BA5ABF293A99E000E8A955 /* CashTrack.app */ = {isa = PBXFileReference; explicitFileType = wrapper.application; includeInIndex = 0; path = CashTrack.app; sourceTree = BUILT_PRODUCTS_DIR; };
		D3BA5AC2293A99E000E8A955 /* CashTrackApp.swift */ = {isa = PBXFileReference; lastKnownFileType = sourcecode.swift; path = CashTrackApp.swift; sourceTree = "<group>"; };
		D3BA5AC4293A99E000E8A955 /* MainPageView.swift */ = {isa = PBXFileReference; lastKnownFileType = sourcecode.swift; path = MainPageView.swift; sourceTree = "<group>"; };
		D3BA5AC6293A99E300E8A955 /* Assets.xcassets */ = {isa = PBXFileReference; lastKnownFileType = folder.assetcatalog; path = Assets.xcassets; sourceTree = "<group>"; };
		D3BA5AC9293A99E300E8A955 /* Preview Assets.xcassets */ = {isa = PBXFileReference; lastKnownFileType = folder.assetcatalog; path = "Preview Assets.xcassets"; sourceTree = "<group>"; };
		D3BA5ACF293A99E400E8A955 /* CashTrackTests.xctest */ = {isa = PBXFileReference; explicitFileType = wrapper.cfbundle; includeInIndex = 0; path = CashTrackTests.xctest; sourceTree = BUILT_PRODUCTS_DIR; };
		D3BA5AD3293A99E400E8A955 /* CashTrackTests.swift */ = {isa = PBXFileReference; lastKnownFileType = sourcecode.swift; path = CashTrackTests.swift; sourceTree = "<group>"; };
		D3BA5AD9293A99E400E8A955 /* CashTrackUITests.xctest */ = {isa = PBXFileReference; explicitFileType = wrapper.cfbundle; includeInIndex = 0; path = CashTrackUITests.xctest; sourceTree = BUILT_PRODUCTS_DIR; };
		D3BA5ADD293A99E400E8A955 /* CashTrackUITests.swift */ = {isa = PBXFileReference; lastKnownFileType = sourcecode.swift; path = CashTrackUITests.swift; sourceTree = "<group>"; };
		D3BA5ADF293A99E400E8A955 /* CashTrackUITestsLaunchTests.swift */ = {isa = PBXFileReference; lastKnownFileType = sourcecode.swift; path = CashTrackUITestsLaunchTests.swift; sourceTree = "<group>"; };
		D3BA5AEE293AA18C00E8A955 /* ExpenseViewModel.swift */ = {isa = PBXFileReference; lastKnownFileType = sourcecode.swift; path = ExpenseViewModel.swift; sourceTree = "<group>"; };
/* End PBXFileReference section */

/* Begin PBXFrameworksBuildPhase section */
		D3BA5ABC293A99E000E8A955 /* Frameworks */ = {
			isa = PBXFrameworksBuildPhase;
			buildActionMask = 2147483647;
			files = (
			);
			runOnlyForDeploymentPostprocessing = 0;
		};
		D3BA5ACC293A99E400E8A955 /* Frameworks */ = {
			isa = PBXFrameworksBuildPhase;
			buildActionMask = 2147483647;
			files = (
			);
			runOnlyForDeploymentPostprocessing = 0;
		};
		D3BA5AD6293A99E400E8A955 /* Frameworks */ = {
			isa = PBXFrameworksBuildPhase;
			buildActionMask = 2147483647;
			files = (
			);
			runOnlyForDeploymentPostprocessing = 0;
		};
/* End PBXFrameworksBuildPhase section */

/* Begin PBXGroup section */
		D3BA5AB6293A99E000E8A955 = {
			isa = PBXGroup;
			children = (
				D3BA5AC1293A99E000E8A955 /* CashTrack */,
				D3BA5AD2293A99E400E8A955 /* CashTrackTests */,
				D3BA5ADC293A99E400E8A955 /* CashTrackUITests */,
				D3BA5AC0293A99E000E8A955 /* Products */,
			);
			sourceTree = "<group>";
		};
		D3BA5AC0293A99E000E8A955 /* Products */ = {
			isa = PBXGroup;
			children = (
				D3BA5ABF293A99E000E8A955 /* CashTrack.app */,
				D3BA5ACF293A99E400E8A955 /* CashTrackTests.xctest */,
				D3BA5AD9293A99E400E8A955 /* CashTrackUITests.xctest */,
			);
			name = Products;
			sourceTree = "<group>";
		};
		D3BA5AC1293A99E000E8A955 /* CashTrack */ = {
			isa = PBXGroup;
			children = (
				D3BA5AC2293A99E000E8A955 /* CashTrackApp.swift */,
				D3BA5AC4293A99E000E8A955 /* MainPageView.swift */,
				D3B3B268293D45EC00D5168E /* NavBar.swift */,
				D3636A9C293AE65C003F6422 /* NewExpense.swift */,
				D3636AA2293AEAD0003F6422 /* TransactionCardView.swift */,
				D3636A9E293AE6A3003F6422 /* Expense.swift */,
				D3BA5AC6293A99E300E8A955 /* Assets.xcassets */,
				D3BA5AC8293A99E300E8A955 /* Preview Content */,
				D3BA5AEE293AA18C00E8A955 /* ExpenseViewModel.swift */,
			);
			path = CashTrack;
			sourceTree = "<group>";
		};
		D3BA5AC8293A99E300E8A955 /* Preview Content */ = {
			isa = PBXGroup;
			children = (
				D3BA5AC9293A99E300E8A955 /* Preview Assets.xcassets */,
			);
			path = "Preview Content";
			sourceTree = "<group>";
		};
		D3BA5AD2293A99E400E8A955 /* CashTrackTests */ = {
			isa = PBXGroup;
			children = (
				D3BA5AD3293A99E400E8A955 /* CashTrackTests.swift */,
			);
			path = CashTrackTests;
			sourceTree = "<group>";
		};
		D3BA5ADC293A99E400E8A955 /* CashTrackUITests */ = {
			isa = PBXGroup;
			children = (
				D3BA5ADD293A99E400E8A955 /* CashTrackUITests.swift */,
				D3BA5ADF293A99E400E8A955 /* CashTrackUITestsLaunchTests.swift */,
			);
			path = CashTrackUITests;
			sourceTree = "<group>";
		};
/* End PBXGroup section */

/* Begin PBXNativeTarget section */
		D3BA5ABE293A99E000E8A955 /* CashTrack */ = {
			isa = PBXNativeTarget;
			buildConfigurationList = D3BA5AE3293A99E400E8A955 /* Build configuration list for PBXNativeTarget "CashTrack" */;
			buildPhases = (
				D3BA5ABB293A99E000E8A955 /* Sources */,
				D3BA5ABC293A99E000E8A955 /* Frameworks */,
				D3BA5ABD293A99E000E8A955 /* Resources */,
			);
			buildRules = (
			);
			dependencies = (
			);
			name = CashTrack;
			productName = CashTrack;
			productReference = D3BA5ABF293A99E000E8A955 /* CashTrack.app */;
			productType = "com.apple.product-type.application";
		};
		D3BA5ACE293A99E400E8A955 /* CashTrackTests */ = {
			isa = PBXNativeTarget;
			buildConfigurationList = D3BA5AE6293A99E400E8A955 /* Build configuration list for PBXNativeTarget "CashTrackTests" */;
			buildPhases = (
				D3BA5ACB293A99E400E8A955 /* Sources */,
				D3BA5ACC293A99E400E8A955 /* Frameworks */,
				D3BA5ACD293A99E400E8A955 /* Resources */,
			);
			buildRules = (
			);
			dependencies = (
				D3BA5AD1293A99E400E8A955 /* PBXTargetDependency */,
			);
			name = CashTrackTests;
			productName = CashTrackTests;
			productReference = D3BA5ACF293A99E400E8A955 /* CashTrackTests.xctest */;
			productType = "com.apple.product-type.bundle.unit-test";
		};
		D3BA5AD8293A99E400E8A955 /* CashTrackUITests */ = {
			isa = PBXNativeTarget;
			buildConfigurationList = D3BA5AE9293A99E400E8A955 /* Build configuration list for PBXNativeTarget "CashTrackUITests" */;
			buildPhases = (
				D3BA5AD5293A99E400E8A955 /* Sources */,
				D3BA5AD6293A99E400E8A955 /* Frameworks */,
				D3BA5AD7293A99E400E8A955 /* Resources */,
			);
			buildRules = (
			);
			dependencies = (
				D3BA5ADB293A99E400E8A955 /* PBXTargetDependency */,
			);
			name = CashTrackUITests;
			productName = CashTrackUITests;
			productReference = D3BA5AD9293A99E400E8A955 /* CashTrackUITests.xctest */;
			productType = "com.apple.product-type.bundle.ui-testing";
		};
/* End PBXNativeTarget section */

/* Begin PBXProject section */
		D3BA5AB7293A99E000E8A955 /* Project object */ = {
			isa = PBXProject;
			attributes = {
				BuildIndependentTargetsInParallel = 1;
				LastSwiftUpdateCheck = 1340;
				LastUpgradeCheck = 1340;
				TargetAttributes = {
					D3BA5ABE293A99E000E8A955 = {
						CreatedOnToolsVersion = 13.4.1;
					};
					D3BA5ACE293A99E400E8A955 = {
						CreatedOnToolsVersion = 13.4.1;
						TestTargetID = D3BA5ABE293A99E000E8A955;
					};
					D3BA5AD8293A99E400E8A955 = {
						CreatedOnToolsVersion = 13.4.1;
						TestTargetID = D3BA5ABE293A99E000E8A955;
					};
				};
			};
			buildConfigurationList = D3BA5ABA293A99E000E8A955 /* Build configuration list for PBXProject "CashTrack" */;
			compatibilityVersion = "Xcode 13.0";
			developmentRegion = en;
			hasScannedForEncodings = 0;
			knownRegions = (
				en,
				Base,
			);
			mainGroup = D3BA5AB6293A99E000E8A955;
			productRefGroup = D3BA5AC0293A99E000E8A955 /* Products */;
			projectDirPath = "";
			projectRoot = "";
			targets = (
				D3BA5ABE293A99E000E8A955 /* CashTrack */,
				D3BA5ACE293A99E400E8A955 /* CashTrackTests */,
				D3BA5AD8293A99E400E8A955 /* CashTrackUITests */,
			);
		};
/* End PBXProject section */

/* Begin PBXResourcesBuildPhase section */
		D3BA5ABD293A99E000E8A955 /* Resources */ = {
			isa = PBXResourcesBuildPhase;
			buildActionMask = 2147483647;
			files = (
				D3BA5ACA293A99E300E8A955 /* Preview Assets.xcassets in Resources */,
				D3BA5AC7293A99E300E8A955 /* Assets.xcassets in Resources */,
			);
			runOnlyForDeploymentPostprocessing = 0;
		};
		D3BA5ACD293A99E400E8A955 /* Resources */ = {
			isa = PBXResourcesBuildPhase;
			buildActionMask = 2147483647;
			files = (
			);
			runOnlyForDeploymentPostprocessing = 0;
		};
		D3BA5AD7293A99E400E8A955 /* Resources */ = {
			isa = PBXResourcesBuildPhase;
			buildActionMask = 2147483647;
			files = (
			);
			runOnlyForDeploymentPostprocessing = 0;
		};
/* End PBXResourcesBuildPhase section */

/* Begin PBXSourcesBuildPhase section */
		D3BA5ABB293A99E000E8A955 /* Sources */ = {
			isa = PBXSourcesBuildPhase;
			buildActionMask = 2147483647;
			files = (
				D3636A9F293AE6A3003F6422 /* Expense.swift in Sources */,
				D3B3B269293D45EC00D5168E /* NavBar.swift in Sources */,
				D3636AA3293AEAD0003F6422 /* TransactionCardView.swift in Sources */,
				D3BA5AC5293A99E000E8A955 /* MainPageView.swift in Sources */,
				D3BA5AEF293AA18C00E8A955 /* ExpenseViewModel.swift in Sources */,
				D3636A9D293AE65C003F6422 /* NewExpense.swift in Sources */,
				D3BA5AC3293A99E000E8A955 /* CashTrackApp.swift in Sources */,
			);
			runOnlyForDeploymentPostprocessing = 0;
		};
		D3BA5ACB293A99E400E8A955 /* Sources */ = {
			isa = PBXSourcesBuildPhase;
			buildActionMask = 2147483647;
			files = (
				D3BA5AD4293A99E400E8A955 /* CashTrackTests.swift in Sources */,
			);
			runOnlyForDeploymentPostprocessing = 0;
		};
		D3BA5AD5293A99E400E8A955 /* Sources */ = {
			isa = PBXSourcesBuildPhase;
			buildActionMask = 2147483647;
			files = (
				D3BA5ADE293A99E400E8A955 /* CashTrackUITests.swift in Sources */,
				D3BA5AE0293A99E400E8A955 /* CashTrackUITestsLaunchTests.swift in Sources */,
			);
			runOnlyForDeploymentPostprocessing = 0;
		};
/* End PBXSourcesBuildPhase section */

/* Begin PBXTargetDependency section */
		D3BA5AD1293A99E400E8A955 /* PBXTargetDependency */ = {
			isa = PBXTargetDependency;
			target = D3BA5ABE293A99E000E8A955 /* CashTrack */;
			targetProxy = D3BA5AD0293A99E400E8A955 /* PBXContainerItemProxy */;
		};
		D3BA5ADB293A99E400E8A955 /* PBXTargetDependency */ = {
			isa = PBXTargetDependency;
			target = D3BA5ABE293A99E000E8A955 /* CashTrack */;
			targetProxy = D3BA5ADA293A99E400E8A955 /* PBXContainerItemProxy */;
		};
/* End PBXTargetDependency section */

/* Begin XCBuildConfiguration section */
		D3BA5AE1293A99E400E8A955 /* Debug */ = {
			isa = XCBuildConfiguration;
			buildSettings = {
				ALWAYS_SEARCH_USER_PATHS = NO;
				CLANG_ANALYZER_NONNULL = YES;
				CLANG_ANALYZER_NUMBER_OBJECT_CONVERSION = YES_AGGRESSIVE;
				CLANG_CXX_LANGUAGE_STANDARD = "gnu++17";
				CLANG_ENABLE_MODULES = YES;
				CLANG_ENABLE_OBJC_ARC = YES;
				CLANG_ENABLE_OBJC_WEAK = YES;
				CLANG_WARN_BLOCK_CAPTURE_AUTORELEASING = YES;
				CLANG_WARN_BOOL_CONVERSION = YES;
				CLANG_WARN_COMMA = YES;
				CLANG_WARN_CONSTANT_CONVERSION = YES;
				CLANG_WARN_DEPRECATED_OBJC_IMPLEMENTATIONS = YES;
				CLANG_WARN_DIRECT_OBJC_ISA_USAGE = YES_ERROR;
				CLANG_WARN_DOCUMENTATION_COMMENTS = YES;
				CLANG_WARN_EMPTY_BODY = YES;
				CLANG_WARN_ENUM_CONVERSION = YES;
				CLANG_WARN_INFINITE_RECURSION = YES;
				CLANG_WARN_INT_CONVERSION = YES;
				CLANG_WARN_NON_LITERAL_NULL_CONVERSION = YES;
				CLANG_WARN_OBJC_IMPLICIT_RETAIN_SELF = YES;
				CLANG_WARN_OBJC_LITERAL_CONVERSION = YES;
				CLANG_WARN_OBJC_ROOT_CLASS = YES_ERROR;
				CLANG_WARN_QUOTED_INCLUDE_IN_FRAMEWORK_HEADER = YES;
				CLANG_WARN_RANGE_LOOP_ANALYSIS = YES;
				CLANG_WARN_STRICT_PROTOTYPES = YES;
				CLANG_WARN_SUSPICIOUS_MOVE = YES;
				CLANG_WARN_UNGUARDED_AVAILABILITY = YES_AGGRESSIVE;
				CLANG_WARN_UNREACHABLE_CODE = YES;
				CLANG_WARN__DUPLICATE_METHOD_MATCH = YES;
				COPY_PHASE_STRIP = NO;
				DEBUG_INFORMATION_FORMAT = dwarf;
				ENABLE_STRICT_OBJC_MSGSEND = YES;
				ENABLE_TESTABILITY = YES;
				GCC_C_LANGUAGE_STANDARD = gnu11;
				GCC_DYNAMIC_NO_PIC = NO;
				GCC_NO_COMMON_BLOCKS = YES;
				GCC_OPTIMIZATION_LEVEL = 0;
				GCC_PREPROCESSOR_DEFINITIONS = (
					"DEBUG=1",
					"$(inherited)",
				);
				GCC_WARN_64_TO_32_BIT_CONVERSION = YES;
				GCC_WARN_ABOUT_RETURN_TYPE = YES_ERROR;
				GCC_WARN_UNDECLARED_SELECTOR = YES;
				GCC_WARN_UNINITIALIZED_AUTOS = YES_AGGRESSIVE;
				GCC_WARN_UNUSED_FUNCTION = YES;
				GCC_WARN_UNUSED_VARIABLE = YES;
				IPHONEOS_DEPLOYMENT_TARGET = 15.5;
				MTL_ENABLE_DEBUG_INFO = INCLUDE_SOURCE;
				MTL_FAST_MATH = YES;
				ONLY_ACTIVE_ARCH = YES;
				SDKROOT = iphoneos;
				SWIFT_ACTIVE_COMPILATION_CONDITIONS = DEBUG;
				SWIFT_OPTIMIZATION_LEVEL = "-Onone";
			};
			name = Debug;
		};
		D3BA5AE2293A99E400E8A955 /* Release */ = {
			isa = XCBuildConfiguration;
			buildSettings = {
				ALWAYS_SEARCH_USER_PATHS = NO;
				CLANG_ANALYZER_NONNULL = YES;
				CLANG_ANALYZER_NUMBER_OBJECT_CONVERSION = YES_AGGRESSIVE;
				CLANG_CXX_LANGUAGE_STANDARD = "gnu++17";
				CLANG_ENABLE_MODULES = YES;
				CLANG_ENABLE_OBJC_ARC = YES;
				CLANG_ENABLE_OBJC_WEAK = YES;
				CLANG_WARN_BLOCK_CAPTURE_AUTORELEASING = YES;
				CLANG_WARN_BOOL_CONVERSION = YES;
				CLANG_WARN_COMMA = YES;
				CLANG_WARN_CONSTANT_CONVERSION = YES;
				CLANG_WARN_DEPRECATED_OBJC_IMPLEMENTATIONS = YES;
				CLANG_WARN_DIRECT_OBJC_ISA_USAGE = YES_ERROR;
				CLANG_WARN_DOCUMENTATION_COMMENTS = YES;
				CLANG_WARN_EMPTY_BODY = YES;
				CLANG_WARN_ENUM_CONVERSION = YES;
				CLANG_WARN_INFINITE_RECURSION = YES;
				CLANG_WARN_INT_CONVERSION = YES;
				CLANG_WARN_NON_LITERAL_NULL_CONVERSION = YES;
				CLANG_WARN_OBJC_IMPLICIT_RETAIN_SELF = YES;
				CLANG_WARN_OBJC_LITERAL_CONVERSION = YES;
				CLANG_WARN_OBJC_ROOT_CLASS = YES_ERROR;
				CLANG_WARN_QUOTED_INCLUDE_IN_FRAMEWORK_HEADER = YES;
				CLANG_WARN_RANGE_LOOP_ANALYSIS = YES;
				CLANG_WARN_STRICT_PROTOTYPES = YES;
				CLANG_WARN_SUSPICIOUS_MOVE = YES;
				CLANG_WARN_UNGUARDED_AVAILABILITY = YES_AGGRESSIVE;
				CLANG_WARN_UNREACHABLE_CODE = YES;
				CLANG_WARN__DUPLICATE_METHOD_MATCH = YES;
				COPY_PHASE_STRIP = NO;
				DEBUG_INFORMATION_FORMAT = "dwarf-with-dsym";
				ENABLE_NS_ASSERTIONS = NO;
				ENABLE_STRICT_OBJC_MSGSEND = YES;
				GCC_C_LANGUAGE_STANDARD = gnu11;
				GCC_NO_COMMON_BLOCKS = YES;
				GCC_WARN_64_TO_32_BIT_CONVERSION = YES;
				GCC_WARN_ABOUT_RETURN_TYPE = YES_ERROR;
				GCC_WARN_UNDECLARED_SELECTOR = YES;
				GCC_WARN_UNINITIALIZED_AUTOS = YES_AGGRESSIVE;
				GCC_WARN_UNUSED_FUNCTION = YES;
				GCC_WARN_UNUSED_VARIABLE = YES;
				IPHONEOS_DEPLOYMENT_TARGET = 15.5;
				MTL_ENABLE_DEBUG_INFO = NO;
				MTL_FAST_MATH = YES;
				SDKROOT = iphoneos;
				SWIFT_COMPILATION_MODE = wholemodule;
				SWIFT_OPTIMIZATION_LEVEL = "-O";
				VALIDATE_PRODUCT = YES;
			};
			name = Release;
		};
		D3BA5AE4293A99E400E8A955 /* Debug */ = {
			isa = XCBuildConfiguration;
			buildSettings = {
				ASSETCATALOG_COMPILER_APPICON_NAME = AppIcon;
				ASSETCATALOG_COMPILER_GLOBAL_ACCENT_COLOR_NAME = AccentColor;
				CODE_SIGN_STYLE = Automatic;
				CURRENT_PROJECT_VERSION = 1;
				DEVELOPMENT_ASSET_PATHS = "\"CashTrack/Preview Content\"";
				ENABLE_PREVIEWS = YES;
				GENERATE_INFOPLIST_FILE = YES;
				INFOPLIST_KEY_UIApplicationSceneManifest_Generation = YES;
				INFOPLIST_KEY_UIApplicationSupportsIndirectInputEvents = YES;
				INFOPLIST_KEY_UILaunchScreen_Generation = YES;
				INFOPLIST_KEY_UISupportedInterfaceOrientations_iPad = "UIInterfaceOrientationPortrait UIInterfaceOrientationPortraitUpsideDown UIInterfaceOrientationLandscapeLeft UIInterfaceOrientationLandscapeRight";
				INFOPLIST_KEY_UISupportedInterfaceOrientations_iPhone = "UIInterfaceOrientationPortrait UIInterfaceOrientationLandscapeLeft UIInterfaceOrientationLandscapeRight";
				LD_RUNPATH_SEARCH_PATHS = (
					"$(inherited)",
					"@executable_path/Frameworks",
				);
				MARKETING_VERSION = 1.0;
				PRODUCT_BUNDLE_IDENTIFIER = "edu.harding-agomez2.CashTrack";
				PRODUCT_NAME = "$(TARGET_NAME)";
				SWIFT_EMIT_LOC_STRINGS = YES;
				SWIFT_VERSION = 5.0;
				TARGETED_DEVICE_FAMILY = "1,2";
			};
			name = Debug;
		};
		D3BA5AE5293A99E400E8A955 /* Release */ = {
			isa = XCBuildConfiguration;
			buildSettings = {
				ASSETCATALOG_COMPILER_APPICON_NAME = AppIcon;
				ASSETCATALOG_COMPILER_GLOBAL_ACCENT_COLOR_NAME = AccentColor;
				CODE_SIGN_STYLE = Automatic;
				CURRENT_PROJECT_VERSION = 1;
				DEVELOPMENT_ASSET_PATHS = "\"CashTrack/Preview Content\"";
				ENABLE_PREVIEWS = YES;
				GENERATE_INFOPLIST_FILE = YES;
				INFOPLIST_KEY_UIApplicationSceneManifest_Generation = YES;
				INFOPLIST_KEY_UIApplicationSupportsIndirectInputEvents = YES;
				INFOPLIST_KEY_UILaunchScreen_Generation = YES;
				INFOPLIST_KEY_UISupportedInterfaceOrientations_iPad = "UIInterfaceOrientationPortrait UIInterfaceOrientationPortraitUpsideDown UIInterfaceOrientationLandscapeLeft UIInterfaceOrientationLandscapeRight";
				INFOPLIST_KEY_UISupportedInterfaceOrientations_iPhone = "UIInterfaceOrientationPortrait UIInterfaceOrientationLandscapeLeft UIInterfaceOrientationLandscapeRight";
				LD_RUNPATH_SEARCH_PATHS = (
					"$(inherited)",
					"@executable_path/Frameworks",
				);
				MARKETING_VERSION = 1.0;
				PRODUCT_BUNDLE_IDENTIFIER = "edu.harding-agomez2.CashTrack";
				PRODUCT_NAME = "$(TARGET_NAME)";
				SWIFT_EMIT_LOC_STRINGS = YES;
				SWIFT_VERSION = 5.0;
				TARGETED_DEVICE_FAMILY = "1,2";
			};
			name = Release;
		};
		D3BA5AE7293A99E400E8A955 /* Debug */ = {
			isa = XCBuildConfiguration;
			buildSettings = {
				ALWAYS_EMBED_SWIFT_STANDARD_LIBRARIES = YES;
				BUNDLE_LOADER = "$(TEST_HOST)";
				CODE_SIGN_STYLE = Automatic;
				CURRENT_PROJECT_VERSION = 1;
				GENERATE_INFOPLIST_FILE = YES;
				IPHONEOS_DEPLOYMENT_TARGET = 15.5;
				MARKETING_VERSION = 1.0;
				PRODUCT_BUNDLE_IDENTIFIER = "edu.harding-agomez2.CashTrackTests";
				PRODUCT_NAME = "$(TARGET_NAME)";
				SWIFT_EMIT_LOC_STRINGS = NO;
				SWIFT_VERSION = 5.0;
				TARGETED_DEVICE_FAMILY = "1,2";
				TEST_HOST = "$(BUILT_PRODUCTS_DIR)/CashTrack.app/CashTrack";
			};
			name = Debug;
		};
		D3BA5AE8293A99E400E8A955 /* Release */ = {
			isa = XCBuildConfiguration;
			buildSettings = {
				ALWAYS_EMBED_SWIFT_STANDARD_LIBRARIES = YES;
				BUNDLE_LOADER = "$(TEST_HOST)";
				CODE_SIGN_STYLE = Automatic;
				CURRENT_PROJECT_VERSION = 1;
				GENERATE_INFOPLIST_FILE = YES;
				IPHONEOS_DEPLOYMENT_TARGET = 15.5;
				MARKETING_VERSION = 1.0;
				PRODUCT_BUNDLE_IDENTIFIER = "edu.harding-agomez2.CashTrackTests";
				PRODUCT_NAME = "$(TARGET_NAME)";
				SWIFT_EMIT_LOC_STRINGS = NO;
				SWIFT_VERSION = 5.0;
				TARGETED_DEVICE_FAMILY = "1,2";
				TEST_HOST = "$(BUILT_PRODUCTS_DIR)/CashTrack.app/CashTrack";
			};
			name = Release;
		};
		D3BA5AEA293A99E400E8A955 /* Debug */ = {
			isa = XCBuildConfiguration;
			buildSettings = {
				ALWAYS_EMBED_SWIFT_STANDARD_LIBRARIES = YES;
				CODE_SIGN_STYLE = Automatic;
				CURRENT_PROJECT_VERSION = 1;
				GENERATE_INFOPLIST_FILE = YES;
				MARKETING_VERSION = 1.0;
				PRODUCT_BUNDLE_IDENTIFIER = "edu.harding-agomez2.CashTrackUITests";
				PRODUCT_NAME = "$(TARGET_NAME)";
				SWIFT_EMIT_LOC_STRINGS = NO;
				SWIFT_VERSION = 5.0;
				TARGETED_DEVICE_FAMILY = "1,2";
				TEST_TARGET_NAME = CashTrack;
			};
			name = Debug;
		};
		D3BA5AEB293A99E400E8A955 /* Release */ = {
			isa = XCBuildConfiguration;
			buildSettings = {
				ALWAYS_EMBED_SWIFT_STANDARD_LIBRARIES = YES;
				CODE_SIGN_STYLE = Automatic;
				CURRENT_PROJECT_VERSION = 1;
				GENERATE_INFOPLIST_FILE = YES;
				MARKETING_VERSION = 1.0;
				PRODUCT_BUNDLE_IDENTIFIER = "edu.harding-agomez2.CashTrackUITests";
				PRODUCT_NAME = "$(TARGET_NAME)";
				SWIFT_EMIT_LOC_STRINGS = NO;
				SWIFT_VERSION = 5.0;
				TARGETED_DEVICE_FAMILY = "1,2";
				TEST_TARGET_NAME = CashTrack;
			};
			name = Release;
		};
/* End XCBuildConfiguration section */

/* Begin XCConfigurationList section */
		D3BA5ABA293A99E000E8A955 /* Build configuration list for PBXProject "CashTrack" */ = {
			isa = XCConfigurationList;
			buildConfigurations = (
				D3BA5AE1293A99E400E8A955 /* Debug */,
				D3BA5AE2293A99E400E8A955 /* Release */,
			);
			defaultConfigurationIsVisible = 0;
			defaultConfigurationName = Release;
		};
		D3BA5AE3293A99E400E8A955 /* Build configuration list for PBXNativeTarget "CashTrack" */ = {
			isa = XCConfigurationList;
			buildConfigurations = (
				D3BA5AE4293A99E400E8A955 /* Debug */,
				D3BA5AE5293A99E400E8A955 /* Release */,
			);
			defaultConfigurationIsVisible = 0;
			defaultConfigurationName = Release;
		};
		D3BA5AE6293A99E400E8A955 /* Build configuration list for PBXNativeTarget "CashTrackTests" */ = {
			isa = XCConfigurationList;
			buildConfigurations = (
				D3BA5AE7293A99E400E8A955 /* Debug */,
				D3BA5AE8293A99E400E8A955 /* Release */,
			);
			defaultConfigurationIsVisible = 0;
			defaultConfigurationName = Release;
		};
		D3BA5AE9293A99E400E8A955 /* Build configuration list for PBXNativeTarget "CashTrackUITests" */ = {
			isa = XCConfigurationList;
			buildConfigurations = (
				D3BA5AEA293A99E400E8A955 /* Debug */,
				D3BA5AEB293A99E400E8A955 /* Release */,
			);
			defaultConfigurationIsVisible = 0;
			defaultConfigurationName = Release;
		};
/* End XCConfigurationList section */
	};
	rootObject = D3BA5AB7293A99E000E8A955 /* Project object */;
}
